
Microsoft Visual Studio Solution File, Format Version 12.00
# Visual Studio Version 17
VisualStudioVersion = 17.14.36518.9 d17.14
MinimumVisualStudioVersion = 10.0.40219.1
Project("{FAE04EC0-301F-11D3-BF4B-00C04F79EFBC}") = "BackendApi", "BackendApi.csproj", "{893C42D0-3006-4E61-B87A-77218E89BBDF}"
EndProject
Global
	GlobalSection(SolutionConfigurationPlatforms) = preSolution
		Debug|Any CPU = Debug|Any CPU
		Release|Any CPU = Release|Any CPU
	EndGlobalSection
	GlobalSection(ProjectConfigurationPlatforms) = postSolution
		{893C42D0-3006-4E61-B87A-77218E89BBDF}.Debug|Any CPU.ActiveCfg = Debug|Any CPU
		{893C42D0-3006-4E61-B87A-77218E89BBDF}.Debug|Any CPU.Build.0 = Debug|Any CPU
		{893C42D0-3006-4E61-B87A-77218E89BBDF}.Release|Any CPU.ActiveCfg = Release|Any CPU
		{893C42D0-3006-4E61-B87A-77218E89BBDF}.Release|Any CPU.Build.0 = Release|Any CPU
	EndGlobalSection
	GlobalSection(SolutionProperties) = preSolution
		HideSolutionNode = FALSE
	EndGlobalSection
	GlobalSection(ExtensibilityGlobals) = postSolution
		SolutionGuid = {BCB29DDE-CD66-4995-A2BD-45D5207D5689}
	EndGlobalSection
EndGlobal
